
Microsoft Visual Studio Solution File, Format Version 12.00
# Visual Studio 15
VisualStudioVersion = 15.0.27703.2026
MinimumVisualStudioVersion = 10.0.40219.1
Project("{FAE04EC0-301F-11D3-BF4B-00C04F79EFBC}") = "IT.Nereu.CustomWindow", "IT.Nereu.CustomWindow\IT.Nereu.CustomWindow.csproj", "{50692D59-BB82-4215-AC86-BF2528810DEC}"
EndProject
Global
	GlobalSection(SolutionConfigurationPlatforms) = preSolution
		Debug|Any CPU = Debug|Any CPU
		Release|Any CPU = Release|Any CPU
	EndGlobalSection
	GlobalSection(ProjectConfigurationPlatforms) = postSolution
		{50692D59-BB82-4215-AC86-BF2528810DEC}.Debug|Any CPU.ActiveCfg = Debug|Any CPU
		{50692D59-BB82-4215-AC86-BF2528810DEC}.Debug|Any CPU.Build.0 = Debug|Any CPU
		{50692D59-BB82-4215-AC86-BF2528810DEC}.Release|Any CPU.ActiveCfg = Release|Any CPU
		{50692D59-BB82-4215-AC86-BF2528810DEC}.Release|Any CPU.Build.0 = Release|Any CPU
	EndGlobalSection
	GlobalSection(SolutionProperties) = preSolution
		HideSolutionNode = FALSE
	EndGlobalSection
	GlobalSection(ExtensibilityGlobals) = postSolution
		SolutionGuid = {CE6C81A5-23A5-4808-B837-E09C808C188D}
	EndGlobalSection
EndGlobal
